
Microsoft Visual Studio Solution File, Format Version 12.00
# Visual Studio Version 17
VisualStudioVersion = 17.10.35027.167
MinimumVisualStudioVersion = 10.0.40219.1
Project("{FAE04EC0-301F-11D3-BF4B-00C04F79EFBC}") = "S24W11DbFirstApproach", "S24W11DbFirstApproach\S24W11DbFirstApproach.csproj", "{912E0A42-7941-43EF-90D0-A793D1AA2B09}"
EndProject
Global
	GlobalSection(SolutionConfigurationPlatforms) = preSolution
		Debug|Any CPU = Debug|Any CPU
		Release|Any CPU = Release|Any CPU
	EndGlobalSection
	GlobalSection(ProjectConfigurationPlatforms) = postSolution
		{912E0A42-7941-43EF-90D0-A793D1AA2B09}.Debug|Any CPU.ActiveCfg = Debug|Any CPU
		{912E0A42-7941-43EF-90D0-A793D1AA2B09}.Debug|Any CPU.Build.0 = Debug|Any CPU
		{912E0A42-7941-43EF-90D0-A793D1AA2B09}.Release|Any CPU.ActiveCfg = Release|Any CPU
		{912E0A42-7941-43EF-90D0-A793D1AA2B09}.Release|Any CPU.Build.0 = Release|Any CPU
	EndGlobalSection
	GlobalSection(SolutionProperties) = preSolution
		HideSolutionNode = FALSE
	EndGlobalSection
	GlobalSection(ExtensibilityGlobals) = postSolution
		SolutionGuid = {AA27B9C7-47C9-4A03-83A3-58D41703C403}
	EndGlobalSection
EndGlobal
